
Microsoft Visual Studio Solution File, Format Version 12.00
# Visual Studio Version 17
VisualStudioVersion = 17.6.33815.320
MinimumVisualStudioVersion = 10.0.40219.1
Project("{FAE04EC0-301F-11D3-BF4B-00C04F79EFBC}") = "SmartHomeAPI", "SmartHomeAPI\SmartHomeAPI.csproj", "{73896195-2419-4177-8718-6DFE1F13983A}"
EndProject
Global
	GlobalSection(SolutionConfigurationPlatforms) = preSolution
		Debug|Any CPU = Debug|Any CPU
		Release|Any CPU = Release|Any CPU
	EndGlobalSection
	GlobalSection(ProjectConfigurationPlatforms) = postSolution
		{73896195-2419-4177-8718-6DFE1F13983A}.Debug|Any CPU.ActiveCfg = Debug|Any CPU
		{73896195-2419-4177-8718-6DFE1F13983A}.Debug|Any CPU.Build.0 = Debug|Any CPU
		{73896195-2419-4177-8718-6DFE1F13983A}.Release|Any CPU.ActiveCfg = Release|Any CPU
		{73896195-2419-4177-8718-6DFE1F13983A}.Release|Any CPU.Build.0 = Release|Any CPU
	EndGlobalSection
	GlobalSection(SolutionProperties) = preSolution
		HideSolutionNode = FALSE
	EndGlobalSection
	GlobalSection(ExtensibilityGlobals) = postSolution
		SolutionGuid = {03587494-1D77-4D4F-B274-F8DD4101CB5B}
	EndGlobalSection
EndGlobal
